# This file is generated by running "yarn install" inside your project.
# Manual changes might be lost - proceed with caution!

__metadata:
  version: 4
  cacheKey: 7

"@jest/types@npm:^26.6.2":
  version: 26.6.2
  resolution: "@jest/types@npm:26.6.2::__archiveUrl=https%3A%2F%2Fregistry.npmjs.org%2F%40jest%2Ftypes%2F-%2Ftypes-26.6.2.tgz"
  dependencies:
    "@types/istanbul-lib-coverage": ^2.0.0
    "@types/istanbul-reports": ^3.0.0
    "@types/node": "*"
    "@types/yargs": ^15.0.0
    chalk: ^4.0.0
  checksum: 5c511d7807f414b298299ae4a053abf265f39984942e0eefdfb17a7986a36f1047e0fd9a6f785bdddbf7343a5737595dfabe148719a80e118dd77486502009cc
  languageName: node
  linkType: hard

"@teambit/time.time-format@npm:0.0.298":
  version: 0.0.298
  resolution: "@teambit/time.time-format@npm:0.0.298::__archiveUrl=https%3A%2F%2Fregistry.npmjs.org%2F%40teambit%2Ftime.time-format%2F-%2Ftime.time-format-0.0.298.tgz"
  dependencies:
    core-js: 3.8.3
    humanize-duration: 3.23.1
  peerDependencies:
    "@teambit/legacy": 1.0.17
    react: 16.13.1
    react-dom: 16.13.1
  checksum: dc2957652a4e29d72c86daa61609310d739a380352271ac313ca0a09b586b7a9066e6ee97d0447057d9d2466bbda3891fc40778b58b1bd3ba797a644206922ca
  languageName: node
  linkType: hard

"@types/fs-extra@npm:9.0.7":
  version: 9.0.7
  resolution: "@types/fs-extra@npm:9.0.7::__archiveUrl=https%3A%2F%2Fregistry.npmjs.org%2F%40types%2Ffs-extra%2F-%2Ffs-extra-9.0.7.tgz"
  dependencies:
    "@types/node": "*"
  checksum: 079cc17a244d4a11f0553c16595002e859ed7b99d75bdce589bb19b92758dd1baca438d4afdca5d0945ec8edf1e377a5b9f5ad1984532179cc64e011fe4d6f6f
  languageName: node
  linkType: hard

"@types/istanbul-lib-coverage@npm:*, @types/istanbul-lib-coverage@npm:^2.0.0":
  version: 2.0.3
  resolution: "@types/istanbul-lib-coverage@npm:2.0.3::__archiveUrl=https%3A%2F%2Fregistry.npmjs.org%2F%40types%2Fistanbul-lib-coverage%2F-%2Fistanbul-lib-coverage-2.0.3.tgz"
  checksum: d6f6dbf66d2d2d7d80d093329f0428ac279440510030bfd0080545bba6882433444430905e6e31eba299b890e50ccf2b6a7de9345d7d0ed52ff174f8ead48855
  languageName: node
  linkType: hard

"@types/istanbul-lib-report@npm:*":
  version: 3.0.0
  resolution: "@types/istanbul-lib-report@npm:3.0.0::__archiveUrl=https%3A%2F%2Fregistry.npmjs.org%2F%40types%2Fistanbul-lib-report%2F-%2Fistanbul-lib-report-3.0.0.tgz"
  dependencies:
    "@types/istanbul-lib-coverage": "*"
  checksum: 78aa9f859b6d1b2c02387b401e4e42fdec2e26ffede392e544da108abc6aff35c95b40821116ca46006d94c8b405ffd64465c32514549e997b04f8363de1af5e
  languageName: node
  linkType: hard

"@types/istanbul-reports@npm:^3.0.0":
  version: 3.0.0
  resolution: "@types/istanbul-reports@npm:3.0.0::__archiveUrl=https%3A%2F%2Fregistry.npmjs.org%2F%40types%2Fistanbul-reports%2F-%2Fistanbul-reports-3.0.0.tgz"
  dependencies:
    "@types/istanbul-lib-report": "*"
  checksum: 8aee794ea2e8065aa83e0a1017420068d10110f5e67f8473f5751e74462509306c451f79db3856e6848507519bf1d4de7d101daede6539701cc4d74b4646acd9
  languageName: node
  linkType: hard

"@types/jest@npm:26.0.20":
  version: 26.0.20
  resolution: "@types/jest@npm:26.0.20::__archiveUrl=https%3A%2F%2Fregistry.npmjs.org%2F%40types%2Fjest%2F-%2Fjest-26.0.20.tgz"
  dependencies:
    jest-diff: ^26.0.0
    pretty-format: ^26.0.0
  checksum: 221e39c7c9ce8d71ae4b2ba6abeef1a5b04f1cd96419b9fbbb65534bef4c4215b650561183073dcf47584ff1888d1f4fa7d2af2a38492b7feb9a3bfdcd24c44f
  languageName: node
  linkType: hard

"@types/lodash.pick@npm:4.4.6":
  version: 4.4.6
  resolution: "@types/lodash.pick@npm:4.4.6::__archiveUrl=https%3A%2F%2Fregistry.npmjs.org%2F%40types%2Flodash.pick%2F-%2Flodash.pick-4.4.6.tgz"
  dependencies:
    "@types/lodash": "*"
  checksum: 2c4a9d7329bd44524f8e9ecb9f75c36b5e7dedb205c410178094850b6ed16746023f90da74786783d93b27639a8abf6dc4497419a66a7f1d0174c7b22d0e458d
  languageName: node
  linkType: hard

"@types/lodash@npm:*":
  version: 4.14.168
  resolution: "@types/lodash@npm:4.14.168::__archiveUrl=https%3A%2F%2Fregistry.npmjs.org%2F%40types%2Flodash%2F-%2Flodash-4.14.168.tgz"
  checksum: 9a4e25f89fc035b9f0388f1f7be85e5eff49f9e6db0d93432c9a89fce0916f8a89db4e8290415f7ea02de6b00d3573826378dcb655b7b2d20530a6e8d6dd6fd0
  languageName: node
  linkType: hard

"@types/nconf@npm:0.10.0":
  version: 0.10.0
  resolution: "@types/nconf@npm:0.10.0::__archiveUrl=https%3A%2F%2Fregistry.npmjs.org%2F%40types%2Fnconf%2F-%2Fnconf-0.10.0.tgz"
  checksum: fb7e8c9060854b31779429474941b66067bb774dc0e7190c58a2dc9a59d534aa42abdca2d1caa259610ccf11e989a5022f7e85df856d78b0df77a66805b4d392
  languageName: node
  linkType: hard

"@types/node-fetch@npm:2.5.8":
  version: 2.5.8
  resolution: "@types/node-fetch@npm:2.5.8::__archiveUrl=https%3A%2F%2Fregistry.npmjs.org%2F%40types%2Fnode-fetch%2F-%2Fnode-fetch-2.5.8.tgz"
  dependencies:
    "@types/node": "*"
    form-data: ^3.0.0
  checksum: 608cdd6aed2c6a44a26406eb63475d4bfb8f63f78f22f747e30dd7cda309b86dc019e4427b9092011541da95d83ef03e2e6558c37d39221c0931617f32d3c4e1
  languageName: node
  linkType: hard

"@types/node@npm:*, @types/node@npm:14.14.31":
  version: 14.14.31
  resolution: "@types/node@npm:14.14.31::__archiveUrl=https%3A%2F%2Fregistry.npmjs.org%2F%40types%2Fnode%2F-%2Fnode-14.14.31.tgz"
  checksum: 635dc8a0898a923621e02ca179e17baa39fdfa44f0096fcc1b7046c9b32317e74a99956a7b45ca0e8069874f51f4e7873a418239a318a4b6e7936f6510ac5992
  languageName: node
  linkType: hard

"@types/ora@npm:3.1.0":
  version: 3.1.0
  resolution: "@types/ora@npm:3.1.0::__archiveUrl=https%3A%2F%2Fregistry.npmjs.org%2F%40types%2Fora%2F-%2Fora-3.1.0.tgz"
  dependencies:
    "@types/node": "*"
  checksum: 0918b2cc33e56a9c8274383ea3cb844328806470e0c0f7f0aa983831273b7882d3ecc626e6f8545dc24037a2f1c1fd3fcd83951516c6966b9fe28d4e13814236
  languageName: node
  linkType: hard

"@types/semver@npm:7.3.4":
  version: 7.3.4
  resolution: "@types/semver@npm:7.3.4::__archiveUrl=https%3A%2F%2Fregistry.npmjs.org%2F%40types%2Fsemver%2F-%2Fsemver-7.3.4.tgz"
  checksum: 7e8588aa55ecb344eda6954674b83a3c568d97d478e70e4617bd3ab22902590ac416ccf2cea48b58fb2f0fbd80f9ad1896332c9b3c3189ffd24e4350ff22094a
  languageName: node
  linkType: hard

"@types/tar-fs@npm:2.0.0":
  version: 2.0.0
  resolution: "@types/tar-fs@npm:2.0.0::__archiveUrl=https%3A%2F%2Fregistry.npmjs.org%2F%40types%2Ftar-fs%2F-%2Ftar-fs-2.0.0.tgz"
  dependencies:
    "@types/node": "*"
    "@types/tar-stream": "*"
  checksum: ba8a64443b4b05187708c582011f0ecb6cfe84bb7a486c417320443b8f807d859a327b4d140374f9b2db01651ee66ba06ed3e59b5e9a6fc7068bad6c1962a052
  languageName: node
  linkType: hard

"@types/tar-stream@npm:*":
  version: 2.2.0
  resolution: "@types/tar-stream@npm:2.2.0::__archiveUrl=https%3A%2F%2Fregistry.npmjs.org%2F%40types%2Ftar-stream%2F-%2Ftar-stream-2.2.0.tgz"
  dependencies:
    "@types/node": "*"
  checksum: 6faf159b1845e64f425a8efb3a18ccb915a2ca42296e076b09116d1891ab4672d78a212fb25f66a8720c2aed82f8cac884efe54521a88937659ff3347b91f143
  languageName: node
  linkType: hard

"@types/yargs-parser@npm:*":
  version: 20.2.0
  resolution: "@types/yargs-parser@npm:20.2.0::__archiveUrl=https%3A%2F%2Fregistry.npmjs.org%2F%40types%2Fyargs-parser%2F-%2Fyargs-parser-20.2.0.tgz"
  checksum: 202b8ca16a1589514f6b3155194c6fde9b5e5b2ffc1025849f93483f70ca9318f4d0423f209efc180beecbc447dcf14cf18e6177db296036e7927e302329dc94
  languageName: node
  linkType: hard

"@types/yargs@npm:16.0.0":
  version: 16.0.0
  resolution: "@types/yargs@npm:16.0.0::__archiveUrl=https%3A%2F%2Fregistry.npmjs.org%2F%40types%2Fyargs%2F-%2Fyargs-16.0.0.tgz"
  dependencies:
    "@types/yargs-parser": "*"
  checksum: a17fa2814a4c19b7d327c0d6e6ecb9ca6a68fbfded0c1966d0ef6557540c055f7b9c1c1eadde48acb584f75708d4ec96ba59e58e77b8edbb602c23ed3bee76b9
  languageName: node
  linkType: hard

"@types/yargs@npm:^15.0.0":
  version: 15.0.13
  resolution: "@types/yargs@npm:15.0.13::__archiveUrl=https%3A%2F%2Fregistry.npmjs.org%2F%40types%2Fyargs%2F-%2Fyargs-15.0.13.tgz"
  dependencies:
    "@types/yargs-parser": "*"
  checksum: fa1a5b0a07dbbff1657a27d1191d586632412d170321000f6f417f279547a8c191d7058dbf4d4187c188a5a1aeb2473ddb25fe316b206fccdfe1de6fad976619
  languageName: node
  linkType: hard

"ansi-regex@npm:^5.0.0":
  version: 5.0.0
  resolution: "ansi-regex@npm:5.0.0::__archiveUrl=https%3A%2F%2Fregistry.npmjs.org%2Fansi-regex%2F-%2Fansi-regex-5.0.0.tgz"
  checksum: cbd9b5c9dbbb4a949c2a6e93f1c6cc19f0683d8a4724d08d2158627be6d373f0f3ba1f4ada01dce7ee141f2ba2628fbbd29932c7d49926e3b630c7f329f3178b
  languageName: node
  linkType: hard

"ansi-styles@npm:^4.0.0, ansi-styles@npm:^4.1.0":
  version: 4.3.0
  resolution: "ansi-styles@npm:4.3.0::__archiveUrl=https%3A%2F%2Fregistry.npmjs.org%2Fansi-styles%2F-%2Fansi-styles-4.3.0.tgz"
  dependencies:
    color-convert: ^2.0.1
  checksum: ea02c0179f3dd089a161f5fdd7ccd89dd84f31d82b68869f1134bf5c5b9e1313dadd2ff9edb02b44f46243f285ef5b785f6cb61c84a293694221417c42934407
  languageName: node
  linkType: hard

"api-27e5dc@workspace:download/api":
  version: 0.0.0-use.local
  resolution: "api-27e5dc@workspace:download/api"
  languageName: unknown
  linkType: soft

"api-7e6993@workspace:install/api":
  version: 0.0.0-use.local
  resolution: "api-7e6993@workspace:install/api"
  languageName: unknown
  linkType: soft

"api-ad728e@workspace:config/api":
  version: 0.0.0-use.local
  resolution: "api-ad728e@workspace:config/api"
  languageName: unknown
  linkType: soft

"api-fec336@workspace:list/api":
  version: 0.0.0-use.local
  resolution: "api-fec336@workspace:list/api"
  languageName: unknown
  linkType: soft

"async@npm:^1.4.0":
  version: 1.5.2
  resolution: "async@npm:1.5.2::__archiveUrl=https%3A%2F%2Fregistry.npmjs.org%2Fasync%2F-%2Fasync-1.5.2.tgz"
  checksum: 1a83326544c94e5e18203e548f3abca73af85222017e3db6701a2a188044ec711543ccdd62ecae0afeb76f0efca505d61281404d4cef1a3ca576f7b10333d089
  languageName: node
  linkType: hard

"asynckit@npm:^0.4.0":
  version: 0.4.0
  resolution: "asynckit@npm:0.4.0::__archiveUrl=https%3A%2F%2Fregistry.npmjs.org%2Fasynckit%2F-%2Fasynckit-0.4.0.tgz"
  checksum: a024000b9ddd938e2f27b3cb8188f96a5e1fff58185e98b84862fc4e01de279a547874a800340c2b106bb9de9b0fc61c6c683bc6892abf65e6be29a96addafd3
  languageName: node
  linkType: hard

"at-least-node@npm:^1.0.0":
  version: 1.0.0
  resolution: "at-least-node@npm:1.0.0::__archiveUrl=https%3A%2F%2Fregistry.npmjs.org%2Fat-least-node%2F-%2Fat-least-node-1.0.0.tgz"
  checksum: 8f33efc16287ed39766065c718a2d36a469f702c66c6eb41fa460c0c62bca395301a6a02946e315ae4a84c9cc7f44c94ec73a556bc2a1049350da98d0b013afe
  languageName: node
  linkType: hard

"base64-js@npm:^1.3.1":
  version: 1.5.1
  resolution: "base64-js@npm:1.5.1::__archiveUrl=https%3A%2F%2Fregistry.npmjs.org%2Fbase64-js%2F-%2Fbase64-js-1.5.1.tgz"
  checksum: c1b41a26ddc6620eb7f1ee6c29c812f5942a4e328e74263f995872cfb8ca3aee08542beb25cd10fd7ef16e4f16603e25c35a26e776c01fd55277e5035e829e0e
  languageName: node
  linkType: hard

"bl@npm:^4.0.3":
  version: 4.1.0
  resolution: "bl@npm:4.1.0::__archiveUrl=https%3A%2F%2Fregistry.npmjs.org%2Fbl%2F-%2Fbl-4.1.0.tgz"
  dependencies:
    buffer: ^5.5.0
    inherits: ^2.0.4
    readable-stream: ^3.4.0
  checksum: 15d009339c2eeaedb9dab39c48f910a2fd6a9ba11400e61990917ebf3b25fa32cd9b80c7531a95467078258f6a59bd3f5d93323565423a7843855a16a1794261
  languageName: node
  linkType: hard

"buffer@npm:^5.5.0":
  version: 5.7.1
  resolution: "buffer@npm:5.7.1::__archiveUrl=https%3A%2F%2Fregistry.npmjs.org%2Fbuffer%2F-%2Fbuffer-5.7.1.tgz"
  dependencies:
    base64-js: ^1.3.1
    ieee754: ^1.1.13
  checksum: 1750ac396eb36e0157ff5299509723ac0681338ef6cd40b039bc86d59c8b9a9494e99db992836eb6d637de0b270b53ec1a62d4a1c9faeaa51468cc340e553984
  languageName: node
  linkType: hard

"chalk@npm:^4.0.0, chalk@npm:^4.1.0":
  version: 4.1.0
  resolution: "chalk@npm:4.1.0::__archiveUrl=https%3A%2F%2Fregistry.npmjs.org%2Fchalk%2F-%2Fchalk-4.1.0.tgz"
  dependencies:
    ansi-styles: ^4.1.0
    supports-color: ^7.1.0
  checksum: f860285b419f9e925c2db0f45ffa88aa8794c14b80cc5d01ff30930bcfc384996606362706f0829cf557f6d36152a5fb2d227ad63c4bc90e2ec9e9dbed4a3c07
  languageName: node
  linkType: hard

"chownr@npm:^1.1.1":
  version: 1.1.4
  resolution: "chownr@npm:1.1.4::__archiveUrl=https%3A%2F%2Fregistry.npmjs.org%2Fchownr%2F-%2Fchownr-1.1.4.tgz"
  checksum: 4a7f1a0b2637450fd15ddb085b10649487ddd1d59a8d9335b1aa5b1e9ad55840a591ab7d7f9b568001cb6777d017334477ab2e32e048788b13a069d011cd5781
  languageName: node
  linkType: hard

"cli-3e2ecf@workspace:install/cli":
  version: 0.0.0-use.local
  resolution: "cli-3e2ecf@workspace:install/cli"
  languageName: unknown
  linkType: soft

"cli-55af4b@workspace:upgrade/cli":
  version: 0.0.0-use.local
  resolution: "cli-55af4b@workspace:upgrade/cli"
  languageName: unknown
  linkType: soft

"cli-bbfbae@workspace:remove/cli":
  version: 0.0.0-use.local
  resolution: "cli-bbfbae@workspace:remove/cli"
  languageName: unknown
  linkType: soft

"cli-cursor@npm:^3.1.0":
  version: 3.1.0
  resolution: "cli-cursor@npm:3.1.0::__archiveUrl=https%3A%2F%2Fregistry.npmjs.org%2Fcli-cursor%2F-%2Fcli-cursor-3.1.0.tgz"
  dependencies:
    restore-cursor: ^3.1.0
  checksum: 15dbfc222f27da8cbc61680e4948b189e811224271f6ee5be9db0dcbabe23ae3b2c5a5663be6f17ee51f6203ab44abddd4f4cffb20d69458fc845fa86976f96a
  languageName: node
  linkType: hard

"cli-d19392@workspace:config/cli":
  version: 0.0.0-use.local
  resolution: "cli-d19392@workspace:config/cli"
  languageName: unknown
  linkType: soft

"cli-d60351@workspace:app/cli":
  version: 0.0.0-use.local
  resolution: "cli-d60351@workspace:app/cli"
  languageName: unknown
  linkType: soft

"cli-e54bed@workspace:list/cli":
  version: 0.0.0-use.local
  resolution: "cli-e54bed@workspace:list/cli"
  languageName: unknown
  linkType: soft

"cli-spinners@npm:^2.5.0":
  version: 2.5.0
  resolution: "cli-spinners@npm:2.5.0::__archiveUrl=https%3A%2F%2Fregistry.npmjs.org%2Fcli-spinners%2F-%2Fcli-spinners-2.5.0.tgz"
  checksum: a275c3588179de0a07579742e1fedb508caa6840516761dac1f8544886d4aa025fc2d536323ac9c325624349203010e149ca8b0028be239fc45ed3a1c1252677
  languageName: node
  linkType: hard

"cliui@npm:^7.0.2":
  version: 7.0.4
  resolution: "cliui@npm:7.0.4::__archiveUrl=https%3A%2F%2Fregistry.npmjs.org%2Fcliui%2F-%2Fcliui-7.0.4.tgz"
  dependencies:
    string-width: ^4.2.0
    strip-ansi: ^6.0.0
    wrap-ansi: ^7.0.0
  checksum: c49ac1d13f6dda4beaa11b26f62867e0e9892eb985951187d7c691793e0fe08b9bc15cedfaf4dc6d2e9a4d1516704c0c9dcb671ebcd758dbabb18b5d757fbdb5
  languageName: node
  linkType: hard

"clone@npm:^1.0.2":
  version: 1.0.4
  resolution: "clone@npm:1.0.4::__archiveUrl=https%3A%2F%2Fregistry.npmjs.org%2Fclone%2F-%2Fclone-1.0.4.tgz"
  checksum: aaaa58f9906002d9c07630682536cb00581ee02d7a76cfa8573ad59784add4d5d6d4afe894c21899b974044f153f8c5c6419ffc8b1cdde61bf104ad52e3a185d
  languageName: node
  linkType: hard

"color-convert@npm:^2.0.1":
  version: 2.0.1
  resolution: "color-convert@npm:2.0.1::__archiveUrl=https%3A%2F%2Fregistry.npmjs.org%2Fcolor-convert%2F-%2Fcolor-convert-2.0.1.tgz"
  dependencies:
    color-name: ~1.1.4
  checksum: 3d5d8a011a43012ca11b6d739049ecf2055d95582fd16ec44bf1e685eb0baa5cc652002be8a1dc92b429c8d87418287d0528266a7595cb1ad8a7f4f1d3049df2
  languageName: node
  linkType: hard

"color-name@npm:~1.1.4":
  version: 1.1.4
  resolution: "color-name@npm:1.1.4::__archiveUrl=https%3A%2F%2Fregistry.npmjs.org%2Fcolor-name%2F-%2Fcolor-name-1.1.4.tgz"
  checksum: 3e1c9a4dee12eada307436f61614dd11fe300469db2b83f80c8b7a7cd8a1015f0f18dd13403f018927b249003777ff60baba4a03c65f12e6bddc0dfd9642021f
  languageName: node
  linkType: hard

"combined-stream@npm:^1.0.8":
  version: 1.0.8
  resolution: "combined-stream@npm:1.0.8::__archiveUrl=https%3A%2F%2Fregistry.npmjs.org%2Fcombined-stream%2F-%2Fcombined-stream-1.0.8.tgz"
  dependencies:
    delayed-stream: ~1.0.0
  checksum: 5791ce7944530f0db74a97e77ea28b6fdbf89afcf038e41d6b4195019c4c803cd19ed2905a54959e5b3830d50bd5d6f93c681c6d3aaea8614ad43b48e62e9d65
  languageName: node
  linkType: hard

"core-js@npm:3.8.3":
  version: 3.8.3
  resolution: "core-js@npm:3.8.3::__archiveUrl=https%3A%2F%2Fregistry.npmjs.org%2Fcore-js%2F-%2Fcore-js-3.8.3.tgz"
  checksum: 3c67d1732d505f6afaf836f18038dae8267e8c0e8e84e1c679bac67589e66d0807c24750c7d8b1118cc386c3d66a1d96f20d9cb0f6a879b19cfc04e9f073fe78
  languageName: node
  linkType: hard

"defaults@npm:^1.0.3":
  version: 1.0.3
  resolution: "defaults@npm:1.0.3::__archiveUrl=https%3A%2F%2Fregistry.npmjs.org%2Fdefaults%2F-%2Fdefaults-1.0.3.tgz"
  dependencies:
    clone: ^1.0.2
  checksum: 974f63dd0acb79d14e94ac0f2ea69a880ab2a6e4b341bb9bdc2409b4091b928abe2709a4e140528948d02f29c286efdef22851d1dc972636eed2ce8e1c5b7465
  languageName: node
  linkType: hard

"delayed-stream@npm:~1.0.0":
  version: 1.0.0
  resolution: "delayed-stream@npm:1.0.0::__archiveUrl=https%3A%2F%2Fregistry.npmjs.org%2Fdelayed-stream%2F-%2Fdelayed-stream-1.0.0.tgz"
  checksum: d9dfb0a7c79fd308fada9db2cf29d1ff22047ceb50dd78f7e3c173567909b438f418259cb76a6d9c9f513e88ef41d3a14154f618741ec8368c3efeff616d0c9f
  languageName: node
  linkType: hard

"diff-sequences@npm:^26.6.2":
  version: 26.6.2
  resolution: "diff-sequences@npm:26.6.2::__archiveUrl=https%3A%2F%2Fregistry.npmjs.org%2Fdiff-sequences%2F-%2Fdiff-sequences-26.6.2.tgz"
  checksum: dd1eb6e52f0a200228b836876a69c90690003b8991cf7d9264d6e6063acde8fe852084b6a196f2a13f169d309e30c24c457e9c8db617aed186c665efb50af1d8
  languageName: node
  linkType: hard

"emoji-regex@npm:^8.0.0":
  version: 8.0.0
  resolution: "emoji-regex@npm:8.0.0::__archiveUrl=https%3A%2F%2Fregistry.npmjs.org%2Femoji-regex%2F-%2Femoji-regex-8.0.0.tgz"
  checksum: 87cf3f89efb8ba028075b3dc1713e2c5609af94cbc129b1f00c3113d01dbe4bf85c9d971e75a98bf8a8508131727682ce929e4bd70e9022af4fd47d75e9507de
  languageName: node
  linkType: hard

"end-of-stream@npm:^1.1.0, end-of-stream@npm:^1.4.1":
  version: 1.4.4
  resolution: "end-of-stream@npm:1.4.4::__archiveUrl=https%3A%2F%2Fregistry.npmjs.org%2Fend-of-stream%2F-%2Fend-of-stream-1.4.4.tgz"
  dependencies:
    once: ^1.4.0
  checksum: 7da60e458bdb5e16c006a45e85ef3bc1e3791db5ba275b0913258ccddc8899acb9252c4ddbcce87bd1b46e2a3f97315aafb9f0c0330e8aac44defb504a9d3ccd
  languageName: node
  linkType: hard

"escalade@npm:^3.1.1":
  version: 3.1.1
  resolution: "escalade@npm:3.1.1::__archiveUrl=https%3A%2F%2Fregistry.npmjs.org%2Fescalade%2F-%2Fescalade-3.1.1.tgz"
  checksum: 1e31ff50d66f47cd0dfffa702061127116ccf9886d1f54a802a7b3bc95b94cab0cbf5b145cc5ac199036df6fd9d1bb24af1fa1bfed87c94879e950fbee5f86d1
  languageName: node
  linkType: hard

"file-downloader-442f4d@workspace:toolbox/network/file-downloader":
  version: 0.0.0-use.local
  resolution: "file-downloader-442f4d@workspace:toolbox/network/file-downloader"
  languageName: unknown
  linkType: soft

"form-data@npm:^3.0.0":
  version: 3.0.1
  resolution: "form-data@npm:3.0.1::__archiveUrl=https%3A%2F%2Fregistry.npmjs.org%2Fform-data%2F-%2Fform-data-3.0.1.tgz"
  dependencies:
    asynckit: ^0.4.0
    combined-stream: ^1.0.8
    mime-types: ^2.1.12
  checksum: 6574ff4d2d845c47ba288151a6e0573767eefdee9da358be199e0f0b66aa5c454e7d62ed5e0daef6f84167ba1e9596e064f36f206488e460ef449ef7b653cdfc
  languageName: node
  linkType: hard

"fs-constants@npm:^1.0.0":
  version: 1.0.0
  resolution: "fs-constants@npm:1.0.0::__archiveUrl=https%3A%2F%2Fregistry.npmjs.org%2Ffs-constants%2F-%2Ffs-constants-1.0.0.tgz"
  checksum: b8382395f555012591b20bddf08d258723f660b4e7312943d10431a893e2af879295fefc15a917df43c9ed52d80d2f014c0ca8ca359367969be5c8a133e39742
  languageName: node
  linkType: hard

"fs-extra@npm:9.1.0":
  version: 9.1.0
  resolution: "fs-extra@npm:9.1.0::__archiveUrl=https%3A%2F%2Fregistry.npmjs.org%2Ffs-extra%2F-%2Ffs-extra-9.1.0.tgz"
  dependencies:
    at-least-node: ^1.0.0
    graceful-fs: ^4.2.0
    jsonfile: ^6.0.1
    universalify: ^2.0.0
  checksum: e667d8df54113b527bf5830dd9db8f142618db488894b329fe07724c7020dfacf8a372b144a74e683ae44e66f56117adca9cac165950dda7d83537c46c10dc4b
  languageName: node
  linkType: hard

"get-caller-file@npm:^2.0.5":
  version: 2.0.5
  resolution: "get-caller-file@npm:2.0.5::__archiveUrl=https%3A%2F%2Fregistry.npmjs.org%2Fget-caller-file%2F-%2Fget-caller-file-2.0.5.tgz"
  checksum: 9dd9e1e2591039ee4c38c897365b904f66f1e650a8c1cb7b7db8ce667fa63e88cc8b13282b74df9d93de481114b3304a0487880d31cd926dfda6efe71455855d
  languageName: node
  linkType: hard

"graceful-fs@npm:^4.1.6, graceful-fs@npm:^4.2.0":
  version: 4.2.6
  resolution: "graceful-fs@npm:4.2.6::__archiveUrl=https%3A%2F%2Fregistry.npmjs.org%2Fgraceful-fs%2F-%2Fgraceful-fs-4.2.6.tgz"
  checksum: 84d39c7756892553da990a9db7e45f844b3309b37b5a00174cbb4748476f2250c54f24594d4d252f64f085c65c2fdac7c809419bf6d55f0e6e42eb07ac0f5bf2
  languageName: node
  linkType: hard

"has-flag@npm:^4.0.0":
  version: 4.0.0
  resolution: "has-flag@npm:4.0.0::__archiveUrl=https%3A%2F%2Fregistry.npmjs.org%2Fhas-flag%2F-%2Fhas-flag-4.0.0.tgz"
  checksum: 2e5391139d3d287231ccb58659702392f6e3abeac3296fb4721afaff46493f3d9b99a9329ae015dfe973aa206ed5c75f43e86aec0267dce79aa5c2b6e811b3ad
  languageName: node
  linkType: hard

"humanize-duration@npm:3.23.1":
  version: 3.23.1
  resolution: "humanize-duration@npm:3.23.1::__archiveUrl=https%3A%2F%2Fregistry.npmjs.org%2Fhumanize-duration%2F-%2Fhumanize-duration-3.23.1.tgz"
  checksum: 0ad1527c03cdba476fff6ec83e90db74716fc641e10f179d25deeb534d69586afbef27f9013e4f2a555facadcaaa09939cd518f523291119a1d0090a92140840
  languageName: node
  linkType: hard

"ieee754@npm:^1.1.13":
  version: 1.2.1
  resolution: "ieee754@npm:1.2.1::__archiveUrl=https%3A%2F%2Fregistry.npmjs.org%2Fieee754%2F-%2Fieee754-1.2.1.tgz"
  checksum: 6c1cfab995ecab3b0dbb6cfb7e192686eb02f0f8e788f2d962e1fc02e2d5ab38a85e06d417221f136bd029663a77cdb920d99605d68d3730a05597dd7910426a
  languageName: node
  linkType: hard

"inherits@npm:^2.0.3, inherits@npm:^2.0.4":
  version: 2.0.4
  resolution: "inherits@npm:2.0.4::__archiveUrl=https%3A%2F%2Fregistry.npmjs.org%2Finherits%2F-%2Finherits-2.0.4.tgz"
  checksum: 98426da247ddfc3dcd7d7daedd90c3ca32d5b08deca08949726f12d49232aef94772a07b36cf4ff833e105ae2ef931777f6de4a6dd8245a216b9299ad4a50bea
  languageName: node
  linkType: hard

"ini@npm:^2.0.0":
  version: 2.0.0
  resolution: "ini@npm:2.0.0::__archiveUrl=https%3A%2F%2Fregistry.npmjs.org%2Fini%2F-%2Fini-2.0.0.tgz"
  checksum: 4ad34607409491b6ebe8e7b1e6b06ad1c147851cae5838186e27a906bf33abc1511fb539df7b96bdf8993fc0f81fd3f1e5995812fb616a965d8d4d4ad738bcf5
  languageName: node
  linkType: hard

"is-fullwidth-code-point@npm:^3.0.0":
  version: 3.0.0
  resolution: "is-fullwidth-code-point@npm:3.0.0::__archiveUrl=https%3A%2F%2Fregistry.npmjs.org%2Fis-fullwidth-code-point%2F-%2Fis-fullwidth-code-point-3.0.0.tgz"
  checksum: a01a19ecac34386ae3a4e801c5639d6e31082d1ddc418e7cd96317fef3c8b24ec8531558e9d3d35b33551ab9c5cf20bf2cdefa583927b7ff60c27c8d7c216063
  languageName: node
  linkType: hard

"is-interactive@npm:^1.0.0":
  version: 1.0.0
  resolution: "is-interactive@npm:1.0.0::__archiveUrl=https%3A%2F%2Fregistry.npmjs.org%2Fis-interactive%2F-%2Fis-interactive-1.0.0.tgz"
  checksum: d79b435e5134ccd60dfe035117b1cddd5c5100e90b2d33428adfe1667e26f0114cc1bc7b3ff84a1b107de8ef27f155e3ecc3bb08c0e502a15c66300b4a45d9e5
  languageName: node
  linkType: hard

"jest-diff@npm:^26.0.0":
  version: 26.6.2
  resolution: "jest-diff@npm:26.6.2::__archiveUrl=https%3A%2F%2Fregistry.npmjs.org%2Fjest-diff%2F-%2Fjest-diff-26.6.2.tgz"
  dependencies:
    chalk: ^4.0.0
    diff-sequences: ^26.6.2
    jest-get-type: ^26.3.0
    pretty-format: ^26.6.2
  checksum: 05d0f1bdba147a026eab4121a73a69ee3df21aec59ecd34659d665ee0663e518636650b435d248974ab5aceb345de9bfcc035efd01df723fe788756a07c8d046
  languageName: node
  linkType: hard

"jest-get-type@npm:^26.3.0":
  version: 26.3.0
  resolution: "jest-get-type@npm:26.3.0::__archiveUrl=https%3A%2F%2Fregistry.npmjs.org%2Fjest-get-type%2F-%2Fjest-get-type-26.3.0.tgz"
  checksum: fc3e2d2b90cca74597c4ad6234c2fcc2ccb62894d0f7afe22fc55b5d93a2f02d3080ccef50f09c979d4b5a060bc76c4343911556d75ed9e892e0ebda6d54c44b
  languageName: node
  linkType: hard

"jsonfile@npm:^6.0.1":
  version: 6.1.0
  resolution: "jsonfile@npm:6.1.0::__archiveUrl=https%3A%2F%2Fregistry.npmjs.org%2Fjsonfile%2F-%2Fjsonfile-6.1.0.tgz"
  dependencies:
    graceful-fs: ^4.1.6
    universalify: ^2.0.0
  dependenciesMeta:
    graceful-fs:
      optional: true
  checksum: 9419c886abc6f8a5088cbb222b7bc17c76e8ee9f6c0e5c38781a4e09488166084f25247bc0b58e025b08c43064c82ae860ad89a992e35fc8cfae639323b7edbc
  languageName: node
  linkType: hard

"list-3f91da@workspace:artifactory/list":
  version: 0.0.0-use.local
  resolution: "list-3f91da@workspace:artifactory/list"
  languageName: unknown
  linkType: soft

"lodash.pick@npm:4.4.0":
  version: 4.4.0
  resolution: "lodash.pick@npm:4.4.0::__archiveUrl=https%3A%2F%2Fregistry.npmjs.org%2Flodash.pick%2F-%2Flodash.pick-4.4.0.tgz"
  checksum: 3cf24484b1bd36652bfbe1e925e6955ee0332f1612919331a2d6115d5617bcaaf559e4fb21f4160d51eb2359f7a8dc0e478773da516b4ccc15ef261327064aab
  languageName: node
  linkType: hard

"log-symbols@npm:^4.0.0":
  version: 4.0.0
  resolution: "log-symbols@npm:4.0.0::__archiveUrl=https%3A%2F%2Fregistry.npmjs.org%2Flog-symbols%2F-%2Flog-symbols-4.0.0.tgz"
  dependencies:
    chalk: ^4.0.0
  checksum: 2cbdb0427d1853f2bd36645bff42aaca200902284f28aadacb3c0fa4c8c43fe6bfb71b5d61ab08b67063d066d7c55b8bf5fbb43b03e4a150dbcdd643e9cd1dbf
  languageName: node
  linkType: hard

"lru-cache@npm:^6.0.0":
  version: 6.0.0
  resolution: "lru-cache@npm:6.0.0::__archiveUrl=https%3A%2F%2Fregistry.npmjs.org%2Flru-cache%2F-%2Flru-cache-6.0.0.tgz"
  dependencies:
    yallist: ^4.0.0
  checksum: b8b78353d2391c0f135cdc245c4744ad41c2efb1a6d98f31bc57a2cf48ebf02de96e4876657c3026673576bf1f1f61fc3fdd77ab00ad1ead737537bf17d8019d
  languageName: node
  linkType: hard

"mime-db@npm:1.46.0":
  version: 1.46.0
  resolution: "mime-db@npm:1.46.0::__archiveUrl=https%3A%2F%2Fregistry.npmjs.org%2Fmime-db%2F-%2Fmime-db-1.46.0.tgz"
  checksum: 4e137ac502ca5ba6c583e552c5fa6abd0c2157592f647824ba7246b771eb42c65c2a1816fc52b27afdbb88a026127f1d5fba354f9dcde591b3b464be07c3d27e
  languageName: node
  linkType: hard

"mime-types@npm:^2.1.12":
  version: 2.1.29
  resolution: "mime-types@npm:2.1.29::__archiveUrl=https%3A%2F%2Fregistry.npmjs.org%2Fmime-types%2F-%2Fmime-types-2.1.29.tgz"
  dependencies:
    mime-db: 1.46.0
  checksum: 744d72b2a24c64d2aacc1ead86bfc827c2c4f1bb6f3b4bf6d8684b82f5ddd0b75a5c0eff128a888c09080f9ad7979400b64a697889690fca3c42de80c8f5e187
  languageName: node
  linkType: hard

"mimic-fn@npm:^2.1.0":
  version: 2.1.0
  resolution: "mimic-fn@npm:2.1.0::__archiveUrl=https%3A%2F%2Fregistry.npmjs.org%2Fmimic-fn%2F-%2Fmimic-fn-2.1.0.tgz"
  checksum: f7d2d7febe3d7dd71da0700b1d455ec6c951a96b463ffcc303c93771b9fe4e45318152ea677c241505b19b39e41d906e5052cfb382d59a44bdb6d3d57f8b467b
  languageName: node
  linkType: hard

"mkdirp-classic@npm:^0.5.2":
  version: 0.5.3
  resolution: "mkdirp-classic@npm:0.5.3::__archiveUrl=https%3A%2F%2Fregistry.npmjs.org%2Fmkdirp-classic%2F-%2Fmkdirp-classic-0.5.3.tgz"
  checksum: b3c46c62840bdc82c2a5bee417e4e7518a8109d32a85a6dc67bdcfecbe6aff5cfc73cdb98844a61178ddd8ac75743f977857f0badd6e12d14fd18cf1639e41a1
  languageName: node
  linkType: hard

"nconf@npm:0.11.2":
  version: 0.11.2
  resolution: "nconf@npm:0.11.2::__archiveUrl=https%3A%2F%2Fregistry.npmjs.org%2Fnconf%2F-%2Fnconf-0.11.2.tgz"
  dependencies:
    async: ^1.4.0
    ini: ^2.0.0
    secure-keys: ^1.0.0
    yargs: ^16.1.1
  checksum: 300048cbc0cd45a90d46d623fb88a2e7ef9c8aa6435323798da062ca00f3fe3242a93207677be437598c5de33ac9f3bda00718a5dfaea846552b394cb7477028
  languageName: node
  linkType: hard

"node-fetch@npm:2.6.1":
  version: 2.6.1
  resolution: "node-fetch@npm:2.6.1::__archiveUrl=https%3A%2F%2Fregistry.npmjs.org%2Fnode-fetch%2F-%2Fnode-fetch-2.6.1.tgz"
  checksum: cbb171635e538162b977eac5dfe7a1e07a9a02e991924377a6435502291e2f823d306b95aabc455caebf4a118ccf836868462bc70ccc3095af02bb9da61fda37
  languageName: node
  linkType: hard

"once@npm:^1.3.1, once@npm:^1.4.0":
  version: 1.4.0
  resolution: "once@npm:1.4.0::__archiveUrl=https%3A%2F%2Fregistry.npmjs.org%2Fonce%2F-%2Fonce-1.4.0.tgz"
  dependencies:
    wrappy: 1
  checksum: 57afc246536cf6494437f982b26475f22bee860f8b77ce8eb1543f42a8bffe04b2c66ddfea9a16cb25ccb80943f8ee4fc639367ef97b7a6a4f2672eb573963f5
  languageName: node
  linkType: hard

"onetime@npm:^5.1.0":
  version: 5.1.2
  resolution: "onetime@npm:5.1.2::__archiveUrl=https%3A%2F%2Fregistry.npmjs.org%2Fonetime%2F-%2Fonetime-5.1.2.tgz"
  dependencies:
    mimic-fn: ^2.1.0
  checksum: e425f6caeb20cf2598ffece94be5663932e34d074f1631b682b13d5f01cc1e0712a7dc711eff1706bb5a5aaab8a52e37bd5edcf560334e3222219d7e8b09c21c
  languageName: node
  linkType: hard

"ora@npm:5.3.0":
  version: 5.3.0
  resolution: "ora@npm:5.3.0::__archiveUrl=https%3A%2F%2Fregistry.npmjs.org%2Fora%2F-%2Fora-5.3.0.tgz"
  dependencies:
    bl: ^4.0.3
    chalk: ^4.1.0
    cli-cursor: ^3.1.0
    cli-spinners: ^2.5.0
    is-interactive: ^1.0.0
    log-symbols: ^4.0.0
    strip-ansi: ^6.0.0
    wcwidth: ^1.0.1
  checksum: 892cfd7a893bce2ba1203369abb8f197fc8e54c780a9a7398c021cfa202f18d15d64b1f1eca1d330eec52396ee7cdd9f7e97a7e6a004d6f943c4de646f80fd73
  languageName: node
  linkType: hard

"os-homedir@npm:^1.0.0":
  version: 1.0.2
  resolution: "os-homedir@npm:1.0.2::__archiveUrl=https%3A%2F%2Fregistry.npmjs.org%2Fos-homedir%2F-%2Fos-homedir-1.0.2.tgz"
  checksum: 725256246b2cec353250ec46442e3cfa7bc96ef92285d448a90f12f4bbd78c1bf087051b2cef0382da572e1a9ebc8aa24bd0940a3bdc633c3e3012eef1dc6848
  languageName: node
  linkType: hard

"pretty-format@npm:^26.0.0, pretty-format@npm:^26.6.2":
  version: 26.6.2
  resolution: "pretty-format@npm:26.6.2::__archiveUrl=https%3A%2F%2Fregistry.npmjs.org%2Fpretty-format%2F-%2Fpretty-format-26.6.2.tgz"
  dependencies:
    "@jest/types": ^26.6.2
    ansi-regex: ^5.0.0
    ansi-styles: ^4.0.0
    react-is: ^17.0.1
  checksum: 5ad34fc128218485732cf0271d396158a00584708fc97bf063c1c3c000fe14da572e9a1d3d7b92d95c5e24965434656c56ed0e45804dea2435ca59a1f86f1b07
  languageName: node
  linkType: hard

"pump@npm:^3.0.0":
  version: 3.0.0
  resolution: "pump@npm:3.0.0::__archiveUrl=https%3A%2F%2Fregistry.npmjs.org%2Fpump%2F-%2Fpump-3.0.0.tgz"
  dependencies:
    end-of-stream: ^1.1.0
    once: ^1.3.1
  checksum: 5464d5cf6c6f083cc60cb45b074fb9a4a92ba4d3e0d89e9b2fa1906d8151fd3766784a426725ccf1af50d1c29963ac20b13829933549830e08a6704e3f95e08c
  languageName: node
  linkType: hard

"react-is@npm:^17.0.1":
  version: 17.0.1
  resolution: "react-is@npm:17.0.1::__archiveUrl=https%3A%2F%2Fregistry.npmjs.org%2Freact-is%2F-%2Freact-is-17.0.1.tgz"
  checksum: 5a83dfc78e7adcb93d632bf367b0733db650e3abd2e9c57c33b87e50d201212c1884b0d7bcf13e692f1556189fa1b87f9f3e0ba10fe858fd6aebe83ed4fcd1ea
  languageName: node
  linkType: hard

"readable-stream@npm:^3.1.1, readable-stream@npm:^3.4.0":
  version: 3.6.0
  resolution: "readable-stream@npm:3.6.0::__archiveUrl=https%3A%2F%2Fregistry.npmjs.org%2Freadable-stream%2F-%2Freadable-stream-3.6.0.tgz"
  dependencies:
    inherits: ^2.0.3
    string_decoder: ^1.1.1
    util-deprecate: ^1.0.1
  checksum: f178b1daa80d9e58ebba71dbb08486430aa6f0dea3a22a1b7401f3f6983077d0bc0edea43099db06b8d006c9ad48d6383e8fb72c05d5b187670aeaf1b9b44f00
  languageName: node
  linkType: hard

"request-c66a08@workspace:artifactory/request":
  version: 0.0.0-use.local
  resolution: "request-c66a08@workspace:artifactory/request"
  languageName: unknown
  linkType: soft

"require-directory@npm:^2.1.1":
  version: 2.1.1
  resolution: "require-directory@npm:2.1.1::__archiveUrl=https%3A%2F%2Fregistry.npmjs.org%2Frequire-directory%2F-%2Frequire-directory-2.1.1.tgz"
  checksum: f495d02d89c385af2df4b26f0216ece091e99710d358d0ede424126c476d0c639e8bd77dcd237c00a6a5658f3d862e7513164f8c280263052667d06df830eb23
  languageName: node
  linkType: hard

"restore-cursor@npm:^3.1.0":
  version: 3.1.0
  resolution: "restore-cursor@npm:3.1.0::__archiveUrl=https%3A%2F%2Fregistry.npmjs.org%2Frestore-cursor%2F-%2Frestore-cursor-3.1.0.tgz"
  dependencies:
    onetime: ^5.1.0
    signal-exit: ^3.0.2
  checksum: 38e0af0830336dbc7d36b8d02e9194489dc52aaf64f41d02c427303a78552019434ad87082d67ce171a569a8be898caf7c70d5e17bd347cf6f7bd38d332d0bd4
  languageName: node
  linkType: hard

"root-workspace-0b6124@workspace:.":
  version: 0.0.0-use.local
  resolution: "root-workspace-0b6124@workspace:."
  dependencies:
    "@teambit/time.time-format": 0.0.298
    "@types/fs-extra": 9.0.7
    "@types/jest": 26.0.20
    "@types/lodash.pick": 4.4.6
    "@types/nconf": 0.10.0
    "@types/node": 14.14.31
    "@types/node-fetch": 2.5.8
    "@types/ora": 3.1.0
    "@types/semver": 7.3.4
    "@types/tar-fs": 2.0.0
    "@types/yargs": 16.0.0
    fs-extra: 9.1.0
    lodash.pick: 4.4.0
    nconf: 0.11.2
    node-fetch: 2.6.1
    ora: 5.3.0
    semver: 7.3.4
    tar-fs: 2.1.1
    user-home: 2.0.0
    yargs: 16.2.0
  languageName: unknown
  linkType: soft

"safe-buffer@npm:~5.2.0":
  version: 5.2.1
  resolution: "safe-buffer@npm:5.2.1::__archiveUrl=https%3A%2F%2Fregistry.npmjs.org%2Fsafe-buffer%2F-%2Fsafe-buffer-5.2.1.tgz"
  checksum: 0bb57f0d8f9d1fa4fe35ad8a2db1f83a027d48f2822d59ede88fd5cd4ddad83c0b497213feb7a70fbf90597a70c5217f735b0eb1850df40ce9b4ae81dd22b3f9
  languageName: node
  linkType: hard

"secure-keys@npm:^1.0.0":
  version: 1.0.0
  resolution: "secure-keys@npm:1.0.0::__archiveUrl=https%3A%2F%2Fregistry.npmjs.org%2Fsecure-keys%2F-%2Fsecure-keys-1.0.0.tgz"
  checksum: e42d2252e5d3d6d2e0209dc4a142bb3c11306ec414f488ca4a7f607aa12d9231cb93d19c0644c0b64c97372e059a9e37bbbc859ce2956a49bcb08d8bbca2f4e5
  languageName: node
  linkType: hard

"semver@npm:7.3.4":
  version: 7.3.4
  resolution: "semver@npm:7.3.4::__archiveUrl=https%3A%2F%2Fregistry.npmjs.org%2Fsemver%2F-%2Fsemver-7.3.4.tgz"
  dependencies:
    lru-cache: ^6.0.0
  bin:
    semver: bin/semver.js
  checksum: f2c7f9aeb976d1484b2f39aa7afc8332a1d21fd32ca4a6fbf650e1423455ebf3e7029f6e2e7ba0cd71935b85942521f1ec25b6cc2c031b953c8ca4ff2d7a823d
  languageName: node
  linkType: hard

"signal-exit@npm:^3.0.2":
  version: 3.0.3
  resolution: "signal-exit@npm:3.0.3::__archiveUrl=https%3A%2F%2Fregistry.npmjs.org%2Fsignal-exit%2F-%2Fsignal-exit-3.0.3.tgz"
  checksum: f8f3fec95c8d1f9ad7e3cce07e1195f84e7a85cdcb4e825e8a2b76aa5406a039083d2bc9662b3cf40e6948262f41277047d20e6fbd58c77edced0b18fab647d8
  languageName: node
  linkType: hard

"string-width@npm:^4.1.0, string-width@npm:^4.2.0":
  version: 4.2.0
  resolution: "string-width@npm:4.2.0::__archiveUrl=https%3A%2F%2Fregistry.npmjs.org%2Fstring-width%2F-%2Fstring-width-4.2.0.tgz"
  dependencies:
    emoji-regex: ^8.0.0
    is-fullwidth-code-point: ^3.0.0
    strip-ansi: ^6.0.0
  checksum: cf1e8acddf3d6d6e9e168628cc58cf1b33b1e7e801af2a0c18316e4e8beb62361eb9aad6eab2fc86de972ab149cb7262aedc2a5d0c2ce28873c91b171cce84d7
  languageName: node
  linkType: hard

"string_decoder@npm:^1.1.1":
  version: 1.3.0
  resolution: "string_decoder@npm:1.3.0::__archiveUrl=https%3A%2F%2Fregistry.npmjs.org%2Fstring_decoder%2F-%2Fstring_decoder-1.3.0.tgz"
  dependencies:
    safe-buffer: ~5.2.0
  checksum: 0a09afb610cb538707fcf0a50a080f159040529eabdba82f23b04f1d1f90adf9ba18cc3800231c6ab2ee55dece047f4bed87c56da52b2afd85c3c7fb73eb7e48
  languageName: node
  linkType: hard

"strip-ansi@npm:^6.0.0":
  version: 6.0.0
  resolution: "strip-ansi@npm:6.0.0::__archiveUrl=https%3A%2F%2Fregistry.npmjs.org%2Fstrip-ansi%2F-%2Fstrip-ansi-6.0.0.tgz"
  dependencies:
    ansi-regex: ^5.0.0
  checksum: 10568c91cadbef182a807c38dfa718dce15a35b12fcc97b96b6b2029d0508ef66ca93fabddeb49482d9b027495d1e18591858e80f27ad26861c4967c60fd207f
  languageName: node
  linkType: hard

"supports-color@npm:^7.1.0":
  version: 7.2.0
  resolution: "supports-color@npm:7.2.0::__archiveUrl=https%3A%2F%2Fregistry.npmjs.org%2Fsupports-color%2F-%2Fsupports-color-7.2.0.tgz"
  dependencies:
    has-flag: ^4.0.0
  checksum: 8e57067c39216f3c2ffce7cc14ca934d54746192571203aa9c9922d97d2d55cc1bdaa9e41a11f91e620670b5a74ebdec6b548a885d8cc2dea7cab59e21416029
  languageName: node
  linkType: hard

"tar-fs@npm:2.1.1":
  version: 2.1.1
  resolution: "tar-fs@npm:2.1.1::__archiveUrl=https%3A%2F%2Fregistry.npmjs.org%2Ftar-fs%2F-%2Ftar-fs-2.1.1.tgz"
  dependencies:
    chownr: ^1.1.1
    mkdirp-classic: ^0.5.2
    pump: ^3.0.0
    tar-stream: ^2.1.4
  checksum: 4739382487b6ed646670a52cac637c818ecdceb728eb4718847dfdaddd7322d8cce2ea9db160ba8ad2920194034fda7c307b44f4eeb50d244f198bd7e28f2914
  languageName: node
  linkType: hard

"tar-stream@npm:^2.1.4":
  version: 2.2.0
  resolution: "tar-stream@npm:2.2.0::__archiveUrl=https%3A%2F%2Fregistry.npmjs.org%2Ftar-stream%2F-%2Ftar-stream-2.2.0.tgz"
  dependencies:
    bl: ^4.0.3
    end-of-stream: ^1.4.1
    fs-constants: ^1.0.0
    inherits: ^2.0.3
    readable-stream: ^3.1.1
  checksum: 7eec0a7fc8d0337729c1c2356d567a7527141d6ba0dd4804db979e17fc6389163e70fd4abdb855fc5ab54b944aeff7988e35e95ab6cee34a4156ca2d42980576
  languageName: node
  linkType: hard

"universalify@npm:^2.0.0":
  version: 2.0.0
  resolution: "universalify@npm:2.0.0::__archiveUrl=https%3A%2F%2Fregistry.npmjs.org%2Funiversalify%2F-%2Funiversalify-2.0.0.tgz"
  checksum: 36bfbdc97bd4b483596e66ea65e20663f5ab9ec3650157d99b075b7f97afcdefe46bbb23f89171dd75595d398cea3769a5b6d7130f5c66cae2a0f00904780f62
  languageName: node
  linkType: hard

"untar-27a0c7@workspace:toolbox/fs/untar":
  version: 0.0.0-use.local
  resolution: "untar-27a0c7@workspace:toolbox/fs/untar"
  languageName: unknown
  linkType: soft

"user-home@npm:2.0.0":
  version: 2.0.0
  resolution: "user-home@npm:2.0.0::__archiveUrl=https%3A%2F%2Fregistry.npmjs.org%2Fuser-home%2F-%2Fuser-home-2.0.0.tgz"
  dependencies:
    os-homedir: ^1.0.0
  checksum: ba2791a65d3b4b506d0494fc08188be8cf66e29a43e80820845f531607d14638168828eda650a2e8edbf8327476cb8802091a8ac389567d9e88e9d1406b623fe
  languageName: node
  linkType: hard

"util-deprecate@npm:^1.0.1":
  version: 1.0.2
  resolution: "util-deprecate@npm:1.0.2::__archiveUrl=https%3A%2F%2Fregistry.npmjs.org%2Futil-deprecate%2F-%2Futil-deprecate-1.0.2.tgz"
  checksum: 73c2b1cf0210ccac300645384d8443cabbd93194117b2dc1b3bae8d8279ad39aedac857e020c4ea505e96a1045059c7359db3df6a9df0be6b8584166c9d61dc9
  languageName: node
  linkType: hard

"wcwidth@npm:^1.0.1":
  version: 1.0.1
  resolution: "wcwidth@npm:1.0.1::__archiveUrl=https%3A%2F%2Fregistry.npmjs.org%2Fwcwidth%2F-%2Fwcwidth-1.0.1.tgz"
  dependencies:
    defaults: ^1.0.3
  checksum: abf8ba432dd19a95af63895de6af932900a9451e175745551aeca0fd2d46604bc72ff80aa83adc3f67fb8389191329340e2864aefcf20655ffe91f0dbee5d953
  languageName: node
  linkType: hard

"wrap-ansi@npm:^7.0.0":
  version: 7.0.0
  resolution: "wrap-ansi@npm:7.0.0::__archiveUrl=https%3A%2F%2Fregistry.npmjs.org%2Fwrap-ansi%2F-%2Fwrap-ansi-7.0.0.tgz"
  dependencies:
    ansi-styles: ^4.0.0
    string-width: ^4.1.0
    strip-ansi: ^6.0.0
  checksum: 09939dd775ae565bb99a25a6c072fe3775a95fa71751b5533c94265fe986ba3e3ab071a027ab76cf26876bd9afd10ac3c2d06d7c4bcce148bf7d2d9514e3a0df
  languageName: node
  linkType: hard

"wrappy@npm:1":
  version: 1.0.2
  resolution: "wrappy@npm:1.0.2::__archiveUrl=https%3A%2F%2Fregistry.npmjs.org%2Fwrappy%2F-%2Fwrappy-1.0.2.tgz"
  checksum: 519fcda0fcdf0c16327be2de9d98646742307bc830277e8868529fcf7566f2b330a6453c233e0cdcb767d5838dd61a90984a02ecc983bcddebea5ad0833bbf98
  languageName: node
  linkType: hard

"y18n@npm:^5.0.5":
  version: 5.0.5
  resolution: "y18n@npm:5.0.5::__archiveUrl=https%3A%2F%2Fregistry.npmjs.org%2Fy18n%2F-%2Fy18n-5.0.5.tgz"
  checksum: a7d41b0cccca1c98ebab270a944df48eb3b5352d3be0affb8afc8369823f6aa97a5fbead2c5b35e59a5650cb786b2b37627b45be5ff31f02a80dd3b881aceb17
  languageName: node
  linkType: hard

"yallist@npm:^4.0.0":
  version: 4.0.0
  resolution: "yallist@npm:4.0.0::__archiveUrl=https%3A%2F%2Fregistry.npmjs.org%2Fyallist%2F-%2Fyallist-4.0.0.tgz"
  checksum: a2960ef879af6ee67a76cae29bac9d8bffeb6e9e366c217dbd21464e7fce071933705544724f47e90ba5209cf9c83c17d5582dd04415d86747a826b2a231efb8
  languageName: node
  linkType: hard

"yargs-parser@npm:^20.2.2":
  version: 20.2.6
  resolution: "yargs-parser@npm:20.2.6::__archiveUrl=https%3A%2F%2Fregistry.npmjs.org%2Fyargs-parser%2F-%2Fyargs-parser-20.2.6.tgz"
  checksum: ed21fc0f35290dc9ce1714e6a3e656ca1901ff59432f3dd43668244879b2cca6acff0bff66df9cfbcd934d4db6e98e57cae6def2700ca823e85449f2fb664660
  languageName: node
  linkType: hard

"yargs@npm:16.2.0, yargs@npm:^16.1.1":
  version: 16.2.0
  resolution: "yargs@npm:16.2.0::__archiveUrl=https%3A%2F%2Fregistry.npmjs.org%2Fyargs%2F-%2Fyargs-16.2.0.tgz"
  dependencies:
    cliui: ^7.0.2
    escalade: ^3.1.1
    get-caller-file: ^2.0.5
    require-directory: ^2.1.1
    string-width: ^4.2.0
    y18n: ^5.0.5
    yargs-parser: ^20.2.2
  checksum: a79ce1f043021cd645de1ffebb6149541d382ba68f4a6b5eca5d2ad65af51893371bbd78e240dc3b6cf0cbb419511ba5bda715dec992e4266e6863ea49f14feb
  languageName: node
  linkType: hard
