# This file is generated by running "yarn install" inside your project.
# Manual changes might be lost - proceed with caution!

__metadata:
  version: 4
  cacheKey: 7

"@jest/types@npm:^26.6.2":
  version: 26.6.2
  resolution: "@jest/types@npm:26.6.2::__archiveUrl=https%3A%2F%2Fregistry.npmjs.org%2F%40jest%2Ftypes%2F-%2Ftypes-26.6.2.tgz"
  dependencies:
    "@types/istanbul-lib-coverage": ^2.0.0
    "@types/istanbul-reports": ^3.0.0
    "@types/node": "*"
    "@types/yargs": ^15.0.0
    chalk: ^4.0.0
  checksum: 5c511d7807f414b298299ae4a053abf265f39984942e0eefdfb17a7986a36f1047e0fd9a6f785bdddbf7343a5737595dfabe148719a80e118dd77486502009cc
  languageName: node
  linkType: hard

"@types/istanbul-lib-coverage@npm:*, @types/istanbul-lib-coverage@npm:^2.0.0":
  version: 2.0.3
  resolution: "@types/istanbul-lib-coverage@npm:2.0.3::__archiveUrl=https%3A%2F%2Fregistry.npmjs.org%2F%40types%2Fistanbul-lib-coverage%2F-%2Fistanbul-lib-coverage-2.0.3.tgz"
  checksum: d6f6dbf66d2d2d7d80d093329f0428ac279440510030bfd0080545bba6882433444430905e6e31eba299b890e50ccf2b6a7de9345d7d0ed52ff174f8ead48855
  languageName: node
  linkType: hard

"@types/istanbul-lib-report@npm:*":
  version: 3.0.0
  resolution: "@types/istanbul-lib-report@npm:3.0.0::__archiveUrl=https%3A%2F%2Fregistry.npmjs.org%2F%40types%2Fistanbul-lib-report%2F-%2Fistanbul-lib-report-3.0.0.tgz"
  dependencies:
    "@types/istanbul-lib-coverage": "*"
  checksum: 78aa9f859b6d1b2c02387b401e4e42fdec2e26ffede392e544da108abc6aff35c95b40821116ca46006d94c8b405ffd64465c32514549e997b04f8363de1af5e
  languageName: node
  linkType: hard

"@types/istanbul-reports@npm:^3.0.0":
  version: 3.0.0
  resolution: "@types/istanbul-reports@npm:3.0.0::__archiveUrl=https%3A%2F%2Fregistry.npmjs.org%2F%40types%2Fistanbul-reports%2F-%2Fistanbul-reports-3.0.0.tgz"
  dependencies:
    "@types/istanbul-lib-report": "*"
  checksum: 8aee794ea2e8065aa83e0a1017420068d10110f5e67f8473f5751e74462509306c451f79db3856e6848507519bf1d4de7d101daede6539701cc4d74b4646acd9
  languageName: node
  linkType: hard

"@types/jest@npm:26.0.20":
  version: 26.0.20
  resolution: "@types/jest@npm:26.0.20::__archiveUrl=https%3A%2F%2Fregistry.npmjs.org%2F%40types%2Fjest%2F-%2Fjest-26.0.20.tgz"
  dependencies:
    jest-diff: ^26.0.0
    pretty-format: ^26.0.0
  checksum: 221e39c7c9ce8d71ae4b2ba6abeef1a5b04f1cd96419b9fbbb65534bef4c4215b650561183073dcf47584ff1888d1f4fa7d2af2a38492b7feb9a3bfdcd24c44f
  languageName: node
  linkType: hard

"@types/node@npm:*, @types/node@npm:14.14.31":
  version: 14.14.31
  resolution: "@types/node@npm:14.14.31::__archiveUrl=https%3A%2F%2Fregistry.npmjs.org%2F%40types%2Fnode%2F-%2Fnode-14.14.31.tgz"
  checksum: 635dc8a0898a923621e02ca179e17baa39fdfa44f0096fcc1b7046c9b32317e74a99956a7b45ca0e8069874f51f4e7873a418239a318a4b6e7936f6510ac5992
  languageName: node
  linkType: hard

"@types/yargs-parser@npm:*":
  version: 20.2.0
  resolution: "@types/yargs-parser@npm:20.2.0::__archiveUrl=https%3A%2F%2Fregistry.npmjs.org%2F%40types%2Fyargs-parser%2F-%2Fyargs-parser-20.2.0.tgz"
  checksum: 202b8ca16a1589514f6b3155194c6fde9b5e5b2ffc1025849f93483f70ca9318f4d0423f209efc180beecbc447dcf14cf18e6177db296036e7927e302329dc94
  languageName: node
  linkType: hard

"@types/yargs@npm:16.0.0":
  version: 16.0.0
  resolution: "@types/yargs@npm:16.0.0::__archiveUrl=https%3A%2F%2Fregistry.npmjs.org%2F%40types%2Fyargs%2F-%2Fyargs-16.0.0.tgz"
  dependencies:
    "@types/yargs-parser": "*"
  checksum: a17fa2814a4c19b7d327c0d6e6ecb9ca6a68fbfded0c1966d0ef6557540c055f7b9c1c1eadde48acb584f75708d4ec96ba59e58e77b8edbb602c23ed3bee76b9
  languageName: node
  linkType: hard

"@types/yargs@npm:^15.0.0":
  version: 15.0.13
  resolution: "@types/yargs@npm:15.0.13::__archiveUrl=https%3A%2F%2Fregistry.npmjs.org%2F%40types%2Fyargs%2F-%2Fyargs-15.0.13.tgz"
  dependencies:
    "@types/yargs-parser": "*"
  checksum: fa1a5b0a07dbbff1657a27d1191d586632412d170321000f6f417f279547a8c191d7058dbf4d4187c188a5a1aeb2473ddb25fe316b206fccdfe1de6fad976619
  languageName: node
  linkType: hard

"ansi-regex@npm:^5.0.0":
  version: 5.0.0
  resolution: "ansi-regex@npm:5.0.0::__archiveUrl=https%3A%2F%2Fregistry.npmjs.org%2Fansi-regex%2F-%2Fansi-regex-5.0.0.tgz"
  checksum: cbd9b5c9dbbb4a949c2a6e93f1c6cc19f0683d8a4724d08d2158627be6d373f0f3ba1f4ada01dce7ee141f2ba2628fbbd29932c7d49926e3b630c7f329f3178b
  languageName: node
  linkType: hard

"ansi-styles@npm:^4.0.0, ansi-styles@npm:^4.1.0":
  version: 4.3.0
  resolution: "ansi-styles@npm:4.3.0::__archiveUrl=https%3A%2F%2Fregistry.npmjs.org%2Fansi-styles%2F-%2Fansi-styles-4.3.0.tgz"
  dependencies:
    color-convert: ^2.0.1
  checksum: ea02c0179f3dd089a161f5fdd7ccd89dd84f31d82b68869f1134bf5c5b9e1313dadd2ff9edb02b44f46243f285ef5b785f6cb61c84a293694221417c42934407
  languageName: node
  linkType: hard

"app-5474c9@workspace:cli/app":
  version: 0.0.0-use.local
  resolution: "app-5474c9@workspace:cli/app"
  languageName: unknown
  linkType: soft

"chalk@npm:^4.0.0":
  version: 4.1.0
  resolution: "chalk@npm:4.1.0::__archiveUrl=https%3A%2F%2Fregistry.npmjs.org%2Fchalk%2F-%2Fchalk-4.1.0.tgz"
  dependencies:
    ansi-styles: ^4.1.0
    supports-color: ^7.1.0
  checksum: f860285b419f9e925c2db0f45ffa88aa8794c14b80cc5d01ff30930bcfc384996606362706f0829cf557f6d36152a5fb2d227ad63c4bc90e2ec9e9dbed4a3c07
  languageName: node
  linkType: hard

"cliui@npm:^7.0.2":
  version: 7.0.4
  resolution: "cliui@npm:7.0.4::__archiveUrl=https%3A%2F%2Fregistry.npmjs.org%2Fcliui%2F-%2Fcliui-7.0.4.tgz"
  dependencies:
    string-width: ^4.2.0
    strip-ansi: ^6.0.0
    wrap-ansi: ^7.0.0
  checksum: c49ac1d13f6dda4beaa11b26f62867e0e9892eb985951187d7c691793e0fe08b9bc15cedfaf4dc6d2e9a4d1516704c0c9dcb671ebcd758dbabb18b5d757fbdb5
  languageName: node
  linkType: hard

"color-convert@npm:^2.0.1":
  version: 2.0.1
  resolution: "color-convert@npm:2.0.1::__archiveUrl=https%3A%2F%2Fregistry.npmjs.org%2Fcolor-convert%2F-%2Fcolor-convert-2.0.1.tgz"
  dependencies:
    color-name: ~1.1.4
  checksum: 3d5d8a011a43012ca11b6d739049ecf2055d95582fd16ec44bf1e685eb0baa5cc652002be8a1dc92b429c8d87418287d0528266a7595cb1ad8a7f4f1d3049df2
  languageName: node
  linkType: hard

"color-name@npm:~1.1.4":
  version: 1.1.4
  resolution: "color-name@npm:1.1.4::__archiveUrl=https%3A%2F%2Fregistry.npmjs.org%2Fcolor-name%2F-%2Fcolor-name-1.1.4.tgz"
  checksum: 3e1c9a4dee12eada307436f61614dd11fe300469db2b83f80c8b7a7cd8a1015f0f18dd13403f018927b249003777ff60baba4a03c65f12e6bddc0dfd9642021f
  languageName: node
  linkType: hard

"diff-sequences@npm:^26.6.2":
  version: 26.6.2
  resolution: "diff-sequences@npm:26.6.2::__archiveUrl=https%3A%2F%2Fregistry.npmjs.org%2Fdiff-sequences%2F-%2Fdiff-sequences-26.6.2.tgz"
  checksum: dd1eb6e52f0a200228b836876a69c90690003b8991cf7d9264d6e6063acde8fe852084b6a196f2a13f169d309e30c24c457e9c8db617aed186c665efb50af1d8
  languageName: node
  linkType: hard

"emoji-regex@npm:^8.0.0":
  version: 8.0.0
  resolution: "emoji-regex@npm:8.0.0::__archiveUrl=https%3A%2F%2Fregistry.npmjs.org%2Femoji-regex%2F-%2Femoji-regex-8.0.0.tgz"
  checksum: 87cf3f89efb8ba028075b3dc1713e2c5609af94cbc129b1f00c3113d01dbe4bf85c9d971e75a98bf8a8508131727682ce929e4bd70e9022af4fd47d75e9507de
  languageName: node
  linkType: hard

"escalade@npm:^3.1.1":
  version: 3.1.1
  resolution: "escalade@npm:3.1.1::__archiveUrl=https%3A%2F%2Fregistry.npmjs.org%2Fescalade%2F-%2Fescalade-3.1.1.tgz"
  checksum: 1e31ff50d66f47cd0dfffa702061127116ccf9886d1f54a802a7b3bc95b94cab0cbf5b145cc5ac199036df6fd9d1bb24af1fa1bfed87c94879e950fbee5f86d1
  languageName: node
  linkType: hard

"get-caller-file@npm:^2.0.5":
  version: 2.0.5
  resolution: "get-caller-file@npm:2.0.5::__archiveUrl=https%3A%2F%2Fregistry.npmjs.org%2Fget-caller-file%2F-%2Fget-caller-file-2.0.5.tgz"
  checksum: 9dd9e1e2591039ee4c38c897365b904f66f1e650a8c1cb7b7db8ce667fa63e88cc8b13282b74df9d93de481114b3304a0487880d31cd926dfda6efe71455855d
  languageName: node
  linkType: hard

"has-flag@npm:^4.0.0":
  version: 4.0.0
  resolution: "has-flag@npm:4.0.0::__archiveUrl=https%3A%2F%2Fregistry.npmjs.org%2Fhas-flag%2F-%2Fhas-flag-4.0.0.tgz"
  checksum: 2e5391139d3d287231ccb58659702392f6e3abeac3296fb4721afaff46493f3d9b99a9329ae015dfe973aa206ed5c75f43e86aec0267dce79aa5c2b6e811b3ad
  languageName: node
  linkType: hard

"is-fullwidth-code-point@npm:^3.0.0":
  version: 3.0.0
  resolution: "is-fullwidth-code-point@npm:3.0.0::__archiveUrl=https%3A%2F%2Fregistry.npmjs.org%2Fis-fullwidth-code-point%2F-%2Fis-fullwidth-code-point-3.0.0.tgz"
  checksum: a01a19ecac34386ae3a4e801c5639d6e31082d1ddc418e7cd96317fef3c8b24ec8531558e9d3d35b33551ab9c5cf20bf2cdefa583927b7ff60c27c8d7c216063
  languageName: node
  linkType: hard

"jest-diff@npm:^26.0.0":
  version: 26.6.2
  resolution: "jest-diff@npm:26.6.2::__archiveUrl=https%3A%2F%2Fregistry.npmjs.org%2Fjest-diff%2F-%2Fjest-diff-26.6.2.tgz"
  dependencies:
    chalk: ^4.0.0
    diff-sequences: ^26.6.2
    jest-get-type: ^26.3.0
    pretty-format: ^26.6.2
  checksum: 05d0f1bdba147a026eab4121a73a69ee3df21aec59ecd34659d665ee0663e518636650b435d248974ab5aceb345de9bfcc035efd01df723fe788756a07c8d046
  languageName: node
  linkType: hard

"jest-get-type@npm:^26.3.0":
  version: 26.3.0
  resolution: "jest-get-type@npm:26.3.0::__archiveUrl=https%3A%2F%2Fregistry.npmjs.org%2Fjest-get-type%2F-%2Fjest-get-type-26.3.0.tgz"
  checksum: fc3e2d2b90cca74597c4ad6234c2fcc2ccb62894d0f7afe22fc55b5d93a2f02d3080ccef50f09c979d4b5a060bc76c4343911556d75ed9e892e0ebda6d54c44b
  languageName: node
  linkType: hard

"pretty-format@npm:^26.0.0, pretty-format@npm:^26.6.2":
  version: 26.6.2
  resolution: "pretty-format@npm:26.6.2::__archiveUrl=https%3A%2F%2Fregistry.npmjs.org%2Fpretty-format%2F-%2Fpretty-format-26.6.2.tgz"
  dependencies:
    "@jest/types": ^26.6.2
    ansi-regex: ^5.0.0
    ansi-styles: ^4.0.0
    react-is: ^17.0.1
  checksum: 5ad34fc128218485732cf0271d396158a00584708fc97bf063c1c3c000fe14da572e9a1d3d7b92d95c5e24965434656c56ed0e45804dea2435ca59a1f86f1b07
  languageName: node
  linkType: hard

"react-is@npm:^17.0.1":
  version: 17.0.1
  resolution: "react-is@npm:17.0.1::__archiveUrl=https%3A%2F%2Fregistry.npmjs.org%2Freact-is%2F-%2Freact-is-17.0.1.tgz"
  checksum: 5a83dfc78e7adcb93d632bf367b0733db650e3abd2e9c57c33b87e50d201212c1884b0d7bcf13e692f1556189fa1b87f9f3e0ba10fe858fd6aebe83ed4fcd1ea
  languageName: node
  linkType: hard

"require-directory@npm:^2.1.1":
  version: 2.1.1
  resolution: "require-directory@npm:2.1.1::__archiveUrl=https%3A%2F%2Fregistry.npmjs.org%2Frequire-directory%2F-%2Frequire-directory-2.1.1.tgz"
  checksum: f495d02d89c385af2df4b26f0216ece091e99710d358d0ede424126c476d0c639e8bd77dcd237c00a6a5658f3d862e7513164f8c280263052667d06df830eb23
  languageName: node
  linkType: hard

"root-workspace-0b6124@workspace:.":
  version: 0.0.0-use.local
  resolution: "root-workspace-0b6124@workspace:."
  dependencies:
    "@types/jest": 26.0.20
    "@types/node": 14.14.31
    "@types/yargs": 16.0.0
    yargs: 16.2.0
  languageName: unknown
  linkType: soft

"string-width@npm:^4.1.0, string-width@npm:^4.2.0":
  version: 4.2.0
  resolution: "string-width@npm:4.2.0::__archiveUrl=https%3A%2F%2Fregistry.npmjs.org%2Fstring-width%2F-%2Fstring-width-4.2.0.tgz"
  dependencies:
    emoji-regex: ^8.0.0
    is-fullwidth-code-point: ^3.0.0
    strip-ansi: ^6.0.0
  checksum: cf1e8acddf3d6d6e9e168628cc58cf1b33b1e7e801af2a0c18316e4e8beb62361eb9aad6eab2fc86de972ab149cb7262aedc2a5d0c2ce28873c91b171cce84d7
  languageName: node
  linkType: hard

"strip-ansi@npm:^6.0.0":
  version: 6.0.0
  resolution: "strip-ansi@npm:6.0.0::__archiveUrl=https%3A%2F%2Fregistry.npmjs.org%2Fstrip-ansi%2F-%2Fstrip-ansi-6.0.0.tgz"
  dependencies:
    ansi-regex: ^5.0.0
  checksum: 10568c91cadbef182a807c38dfa718dce15a35b12fcc97b96b6b2029d0508ef66ca93fabddeb49482d9b027495d1e18591858e80f27ad26861c4967c60fd207f
  languageName: node
  linkType: hard

"supports-color@npm:^7.1.0":
  version: 7.2.0
  resolution: "supports-color@npm:7.2.0::__archiveUrl=https%3A%2F%2Fregistry.npmjs.org%2Fsupports-color%2F-%2Fsupports-color-7.2.0.tgz"
  dependencies:
    has-flag: ^4.0.0
  checksum: 8e57067c39216f3c2ffce7cc14ca934d54746192571203aa9c9922d97d2d55cc1bdaa9e41a11f91e620670b5a74ebdec6b548a885d8cc2dea7cab59e21416029
  languageName: node
  linkType: hard

"wrap-ansi@npm:^7.0.0":
  version: 7.0.0
  resolution: "wrap-ansi@npm:7.0.0::__archiveUrl=https%3A%2F%2Fregistry.npmjs.org%2Fwrap-ansi%2F-%2Fwrap-ansi-7.0.0.tgz"
  dependencies:
    ansi-styles: ^4.0.0
    string-width: ^4.1.0
    strip-ansi: ^6.0.0
  checksum: 09939dd775ae565bb99a25a6c072fe3775a95fa71751b5533c94265fe986ba3e3ab071a027ab76cf26876bd9afd10ac3c2d06d7c4bcce148bf7d2d9514e3a0df
  languageName: node
  linkType: hard

"y18n@npm:^5.0.5":
  version: 5.0.5
  resolution: "y18n@npm:5.0.5::__archiveUrl=https%3A%2F%2Fregistry.npmjs.org%2Fy18n%2F-%2Fy18n-5.0.5.tgz"
  checksum: a7d41b0cccca1c98ebab270a944df48eb3b5352d3be0affb8afc8369823f6aa97a5fbead2c5b35e59a5650cb786b2b37627b45be5ff31f02a80dd3b881aceb17
  languageName: node
  linkType: hard

"yargs-parser@npm:^20.2.2":
  version: 20.2.6
  resolution: "yargs-parser@npm:20.2.6::__archiveUrl=https%3A%2F%2Fregistry.npmjs.org%2Fyargs-parser%2F-%2Fyargs-parser-20.2.6.tgz"
  checksum: ed21fc0f35290dc9ce1714e6a3e656ca1901ff59432f3dd43668244879b2cca6acff0bff66df9cfbcd934d4db6e98e57cae6def2700ca823e85449f2fb664660
  languageName: node
  linkType: hard

"yargs@npm:16.2.0":
  version: 16.2.0
  resolution: "yargs@npm:16.2.0::__archiveUrl=https%3A%2F%2Fregistry.npmjs.org%2Fyargs%2F-%2Fyargs-16.2.0.tgz"
  dependencies:
    cliui: ^7.0.2
    escalade: ^3.1.1
    get-caller-file: ^2.0.5
    require-directory: ^2.1.1
    string-width: ^4.2.0
    y18n: ^5.0.5
    yargs-parser: ^20.2.2
  checksum: a79ce1f043021cd645de1ffebb6149541d382ba68f4a6b5eca5d2ad65af51893371bbd78e240dc3b6cf0cbb419511ba5bda715dec992e4266e6863ea49f14feb
  languageName: node
  linkType: hard
